<Solution>
  <Folder Name="/Task0/">
    <Project Path="Tyuiu.PonkratevMM.Sprint0.Task0.V0/Tyuiu.PonkratevMM.Sprint0.Task0.V0.csproj" />
  </Folder>
  <Folder Name="/Task1/">
    <Project Path="Tyuiu.PonkratevMM.Sprint1.Task1.V0/Tyuiu.PonkratevMM.Sprint0.Task1.V0.csproj" Id="331b3a06-64e8-4a43-97d8-1b48dc2d2f2f" />
  </Folder>
  <Folder Name="/Task2/">
    <Project Path="Tyuiu.PonkratevMM.Sprint0.Task2.V0.Lib/Tyuiu.PonkratevMM.Sprint0.Task2.V0.Lib.csproj" Id="4394cc61-2b19-4f51-9469-5eab8926539b" />
    <Project Path="Tyuiu.PonkratevMM.Sprint0.Task2.V0.Test/Tyuiu.PonkratevMM.Sprint0.Task2.V0.Test.csproj" Id="a46d424d-030c-4f72-bb30-5bdc09a5e4a3" />
    <Project Path="Tyuiu.PonkratevMM.Sprint0.Task2.V0/Tyuiu.PonkratevMM.Sprint0.Task2.V0.csproj" Id="717a6aed-cceb-405c-99c2-928f45f7df83" />
  </Folder>
  <Folder Name="/Task3/">
    <Project Path="Tyuiu.PonkratevMM.Sprint0.Task1.V0/Tyuiu.PonkratevMM.Sprint0.Task3.V0.csproj" Id="a6ac3bfd-0758-4ad7-9d39-4a877a75ca1a" />
    <Project Path="Tyuiu.PonkratevMM.Sprint0.Task3.V0.Lib/Tyuiu.PonkratevMM.Sprint0.Task3.V0.Lib.csproj" Id="292778e3-6e01-4155-a4a2-df8172e473af" />
    <Project Path="Tyuiu.PonkratevMM.Sprint0.Task3.V0.Test/Tyuiu.PonkratevMM.Sprint0.Task3.V0.Test.csproj" Id="50c1266e-f2e4-4cf0-88de-75da5b1ff31c" />
  </Folder>
  <Folder Name="/Task4/">
    <Project Path="Tyuiu.PonkratevMM.Sprint0.Task4.V0.Lib/Tyuiu.PonkratevMM.Sprint0.Task4.V0.Lib.csproj" Id="07138e0f-0529-45ea-902a-c1cccb2db779" />
    <Project Path="Tyuiu.PonkratevMM.Sprint0.Task4.V0.Test/Tyuiu.PonkratevMM.Sprint0.Task4.V0.Test.csproj" Id="2ae2f0eb-0b61-43d0-974f-00417ea8cf34" />
    <Project Path="Tyuiu.PonkratevMM.Sprint0.Task4.V0/Tyuiu.PonkratevMM.Sprint0.Task4.V0.csproj" Id="7bdc9c74-7ad7-4522-a22e-b6080f6d0a85" />
  </Folder>
  <Folder Name="/Task5/">
    <Project Path="Tyuiu.PonkratevMM.Sprint0.Task5.V0.Lib/Tyuiu.PonkratevMM.Sprint0.Task5.V0.Lib.csproj" Id="97ce8f27-8f61-4da3-85fd-efd0c375f8db" />
    <Project Path="Tyuiu.PonkratevMM.Sprint0.Task5.V0.Test/Tyuiu.PonkratevMM.Sprint0.Task5.V0.Test.csproj" Id="df5274a3-da97-4071-8e38-5251372439e1" />
    <Project Path="Tyuiu.PonkratevMM.Sprint0.Task5.V0/Tyuiu.PonkratevMM.Sprint0.Task5.V0..csproj" Id="937395ce-e91d-43bb-a1cb-1b5d1de27516" />
  </Folder>
</Solution>
